
Microsoft Visual Studio Solution File, Format Version 12.00
# Visual Studio 15
VisualStudioVersion = 15.0.28307.1433
MinimumVisualStudioVersion = 10.0.40219.1
Project("{FAE04EC0-301F-11D3-BF4B-00C04F79EFBC}") = "example", "example\example.csproj", "{DAE06D5F-D21E-4B57-9449-4A2AD7456E6D}"
EndProject
Global
	GlobalSection(SolutionConfigurationPlatforms) = preSolution
		Debug|Any CPU = Debug|Any CPU
		Release|Any CPU = Release|Any CPU
	EndGlobalSection
	GlobalSection(ProjectConfigurationPlatforms) = postSolution
		{DAE06D5F-D21E-4B57-9449-4A2AD7456E6D}.Debug|Any CPU.ActiveCfg = Debug|Any CPU
		{DAE06D5F-D21E-4B57-9449-4A2AD7456E6D}.Debug|Any CPU.Build.0 = Debug|Any CPU
		{DAE06D5F-D21E-4B57-9449-4A2AD7456E6D}.Release|Any CPU.ActiveCfg = Release|Any CPU
		{DAE06D5F-D21E-4B57-9449-4A2AD7456E6D}.Release|Any CPU.Build.0 = Release|Any CPU
	EndGlobalSection
	GlobalSection(SolutionProperties) = preSolution
		HideSolutionNode = FALSE
	EndGlobalSection
	GlobalSection(ExtensibilityGlobals) = postSolution
		SolutionGuid = {BE4C78CB-0DD9-47A5-BB7A-0D2BAD66CB9C}
	EndGlobalSection
EndGlobal
